
Microsoft Visual Studio Solution File, Format Version 12.00
# Visual Studio Version 17
VisualStudioVersion = 17.14.36401.2 d17.14
MinimumVisualStudioVersion = 10.0.40219.1
Project("{2150E333-8FDC-42A3-9474-1A3956D46DE8}") = "Presentation", "Presentation", "{02EA681E-C7D8-13C7-8484-4AC65E1B71E8}"
EndProject
Project("{2150E333-8FDC-42A3-9474-1A3956D46DE8}") = "Core", "Core", "{FBE677CE-7BC4-42F3-9461-FB2D27E5CC57}"
EndProject
Project("{2150E333-8FDC-42A3-9474-1A3956D46DE8}") = "Infrastructure", "Infrastructure", "{53D7494C-E5A6-4C5B-B3BD-3F23A7C86CAF}"
EndProject
Project("{2150E333-8FDC-42A3-9474-1A3956D46DE8}") = "Testing", "Testing", "{4B12CCA2-9350-4394-BDA1-DB140EF36F51}"
EndProject
Project("{FAE04EC0-301F-11D3-BF4B-00C04F79EFBC}") = "AP.BTP.Domain", "AP.BTP.Domain\AP.BTP.Domain.csproj", "{CDD21510-CF95-66BA-A246-4CF9568F8977}"
EndProject
Project("{FAE04EC0-301F-11D3-BF4B-00C04F79EFBC}") = "AP.BTP.Application", "AP.BTP.Application\AP.BTP.Application.csproj", "{D30444F3-6350-7836-A40E-709B9D3B7B13}"
EndProject
Project("{FAE04EC0-301F-11D3-BF4B-00C04F79EFBC}") = "AP.BTP.Infrastructure", "AP.BTP.Infrastructure\AP.BTP.Infrastructure.csproj", "{92EF7394-7B99-44E0-A96E-BA78A76E171C}"
EndProject
Project("{FAE04EC0-301F-11D3-BF4B-00C04F79EFBC}") = "AP.BTP.WebAPI", "AP.BTP.WebAPI\AP.BTP.WebAPI.csproj", "{B41BCD7E-799B-EBC3-68D6-208666F1CC6D}"
EndProject
Project("{FAE04EC0-301F-11D3-BF4B-00C04F79EFBC}") = "AP.BTP.BlazorClient", "AP.BTP.BlazorClient\AP.BTP.BlazorClient.csproj", "{358D15C4-6A72-B9E4-E4FD-AC7BCB9AA755}"
EndProject
Project("{FAE04EC0-301F-11D3-BF4B-00C04F79EFBC}") = "AP.BTP.UnitTests", "AP.BTP.UnitTests\AP.BTP.UnitTests.csproj", "{526320EB-0E5D-BFDE-2C15-8AF2AC8A1948}"
EndProject
Global
	GlobalSection(SolutionConfigurationPlatforms) = preSolution
		Debug|Any CPU = Debug|Any CPU
		Release|Any CPU = Release|Any CPU
	EndGlobalSection
	GlobalSection(ProjectConfigurationPlatforms) = postSolution
		{CDD21510-CF95-66BA-A246-4CF9568F8977}.Debug|Any CPU.ActiveCfg = Debug|Any CPU
		{CDD21510-CF95-66BA-A246-4CF9568F8977}.Debug|Any CPU.Build.0 = Debug|Any CPU
		{CDD21510-CF95-66BA-A246-4CF9568F8977}.Release|Any CPU.ActiveCfg = Release|Any CPU
		{CDD21510-CF95-66BA-A246-4CF9568F8977}.Release|Any CPU.Build.0 = Release|Any CPU
		{D30444F3-6350-7836-A40E-709B9D3B7B13}.Debug|Any CPU.ActiveCfg = Debug|Any CPU
		{D30444F3-6350-7836-A40E-709B9D3B7B13}.Debug|Any CPU.Build.0 = Debug|Any CPU
		{D30444F3-6350-7836-A40E-709B9D3B7B13}.Release|Any CPU.ActiveCfg = Release|Any CPU
		{D30444F3-6350-7836-A40E-709B9D3B7B13}.Release|Any CPU.Build.0 = Release|Any CPU
		{92EF7394-7B99-44E0-A96E-BA78A76E171C}.Debug|Any CPU.ActiveCfg = Debug|Any CPU
		{92EF7394-7B99-44E0-A96E-BA78A76E171C}.Debug|Any CPU.Build.0 = Debug|Any CPU
		{92EF7394-7B99-44E0-A96E-BA78A76E171C}.Release|Any CPU.ActiveCfg = Release|Any CPU
		{92EF7394-7B99-44E0-A96E-BA78A76E171C}.Release|Any CPU.Build.0 = Release|Any CPU
		{B41BCD7E-799B-EBC3-68D6-208666F1CC6D}.Debug|Any CPU.ActiveCfg = Debug|Any CPU
		{B41BCD7E-799B-EBC3-68D6-208666F1CC6D}.Debug|Any CPU.Build.0 = Debug|Any CPU
		{B41BCD7E-799B-EBC3-68D6-208666F1CC6D}.Release|Any CPU.ActiveCfg = Release|Any CPU
		{B41BCD7E-799B-EBC3-68D6-208666F1CC6D}.Release|Any CPU.Build.0 = Release|Any CPU
		{358D15C4-6A72-B9E4-E4FD-AC7BCB9AA755}.Debug|Any CPU.ActiveCfg = Debug|Any CPU
		{358D15C4-6A72-B9E4-E4FD-AC7BCB9AA755}.Debug|Any CPU.Build.0 = Debug|Any CPU
		{358D15C4-6A72-B9E4-E4FD-AC7BCB9AA755}.Release|Any CPU.ActiveCfg = Release|Any CPU
		{358D15C4-6A72-B9E4-E4FD-AC7BCB9AA755}.Release|Any CPU.Build.0 = Release|Any CPU
		{526320EB-0E5D-BFDE-2C15-8AF2AC8A1948}.Debug|Any CPU.ActiveCfg = Debug|Any CPU
		{526320EB-0E5D-BFDE-2C15-8AF2AC8A1948}.Debug|Any CPU.Build.0 = Debug|Any CPU
		{526320EB-0E5D-BFDE-2C15-8AF2AC8A1948}.Release|Any CPU.ActiveCfg = Release|Any CPU
		{526320EB-0E5D-BFDE-2C15-8AF2AC8A1948}.Release|Any CPU.Build.0 = Release|Any CPU
	EndGlobalSection
	GlobalSection(SolutionProperties) = preSolution
		HideSolutionNode = FALSE
	EndGlobalSection
	GlobalSection(NestedProjects) = preSolution
		{CDD21510-CF95-66BA-A246-4CF9568F8977} = {FBE677CE-7BC4-42F3-9461-FB2D27E5CC57}
		{D30444F3-6350-7836-A40E-709B9D3B7B13} = {FBE677CE-7BC4-42F3-9461-FB2D27E5CC57}
		{92EF7394-7B99-44E0-A96E-BA78A76E171C} = {53D7494C-E5A6-4C5B-B3BD-3F23A7C86CAF}
		{B41BCD7E-799B-EBC3-68D6-208666F1CC6D} = {02EA681E-C7D8-13C7-8484-4AC65E1B71E8}
		{358D15C4-6A72-B9E4-E4FD-AC7BCB9AA755} = {02EA681E-C7D8-13C7-8484-4AC65E1B71E8}
		{526320EB-0E5D-BFDE-2C15-8AF2AC8A1948} = {4B12CCA2-9350-4394-BDA1-DB140EF36F51}
	EndGlobalSection
	GlobalSection(ExtensibilityGlobals) = postSolution
		SolutionGuid = {7830D384-0E38-45B2-9335-32AF62582991}
	EndGlobalSection
EndGlobal
