
Microsoft Visual Studio Solution File, Format Version 12.00
# Visual Studio Version 17
VisualStudioVersion = 17.14.36408.4
MinimumVisualStudioVersion = 10.0.40219.1
Project("{2150E333-8FDC-42A3-9474-1A3956D46DE8}") = "Presentation", "Presentation", "{02EA681E-C7D8-13C7-8484-4AC65E1B71E8}"
EndProject
Project("{2150E333-8FDC-42A3-9474-1A3956D46DE8}") = "Core", "Core", "{FBE677CE-7BC4-42F3-9461-FB2D27E5CC57}"
EndProject
Project("{FAE04EC0-301F-11D3-BF4B-00C04F79EFBC}") = "AP.DemoProject.Domain", "AP.DemoProject.Domain\AP.DemoProject.Domain.csproj", "{3A43219F-E7CB-47AE-B187-A8CCC79D79DF}"
EndProject
Project("{FAE04EC0-301F-11D3-BF4B-00C04F79EFBC}") = "AP.DemoProject.Application", "AP.DemoProject.Application\AP.DemoProject.Application.csproj", "{2A382B0F-48ED-45C2-91DE-0039442F4778}"
EndProject
Project("{2150E333-8FDC-42A3-9474-1A3956D46DE8}") = "Infrastructure", "Infrastructure", "{53D7494C-E5A6-4C5B-B3BD-3F23A7C86CAF}"
EndProject
Project("{FAE04EC0-301F-11D3-BF4B-00C04F79EFBC}") = "AP.DemoProject.Infrastructure", "AP.DemoProject.Infrastructure\AP.DemoProject.Infrastructure.csproj", "{03EDF81E-35AD-4E40-89F7-98DFB5355436}"
EndProject
Project("{2150E333-8FDC-42A3-9474-1A3956D46DE8}") = "Testing", "Testing", "{4B12CCA2-9350-4394-BDA1-DB140EF36F51}"
EndProject
Project("{FAE04EC0-301F-11D3-BF4B-00C04F79EFBC}") = "AP.DemoProject.UnitTests", "AP.DemoProject.UnitTests\AP.DemoProject.UnitTests.csproj", "{A42CA534-5EFA-4951-B336-8B2B094CC93C}"
EndProject
Project("{FAE04EC0-301F-11D3-BF4B-00C04F79EFBC}") = "AP.DemoProject.WebApp", "AP.DemoProject.WebApp\AP.DemoProject.WebApp.csproj", "{06A7535A-5483-4536-B9D9-AA204098EDBF}"
EndProject
Global
	GlobalSection(SolutionConfigurationPlatforms) = preSolution
		Debug|Any CPU = Debug|Any CPU
		Release|Any CPU = Release|Any CPU
	EndGlobalSection
	GlobalSection(ProjectConfigurationPlatforms) = postSolution
		{3A43219F-E7CB-47AE-B187-A8CCC79D79DF}.Debug|Any CPU.ActiveCfg = Debug|Any CPU
		{3A43219F-E7CB-47AE-B187-A8CCC79D79DF}.Debug|Any CPU.Build.0 = Debug|Any CPU
		{3A43219F-E7CB-47AE-B187-A8CCC79D79DF}.Release|Any CPU.ActiveCfg = Release|Any CPU
		{3A43219F-E7CB-47AE-B187-A8CCC79D79DF}.Release|Any CPU.Build.0 = Release|Any CPU
		{2A382B0F-48ED-45C2-91DE-0039442F4778}.Debug|Any CPU.ActiveCfg = Debug|Any CPU
		{2A382B0F-48ED-45C2-91DE-0039442F4778}.Debug|Any CPU.Build.0 = Debug|Any CPU
		{2A382B0F-48ED-45C2-91DE-0039442F4778}.Release|Any CPU.ActiveCfg = Release|Any CPU
		{2A382B0F-48ED-45C2-91DE-0039442F4778}.Release|Any CPU.Build.0 = Release|Any CPU
		{03EDF81E-35AD-4E40-89F7-98DFB5355436}.Debug|Any CPU.ActiveCfg = Debug|Any CPU
		{03EDF81E-35AD-4E40-89F7-98DFB5355436}.Debug|Any CPU.Build.0 = Debug|Any CPU
		{03EDF81E-35AD-4E40-89F7-98DFB5355436}.Release|Any CPU.ActiveCfg = Release|Any CPU
		{03EDF81E-35AD-4E40-89F7-98DFB5355436}.Release|Any CPU.Build.0 = Release|Any CPU
		{A42CA534-5EFA-4951-B336-8B2B094CC93C}.Debug|Any CPU.ActiveCfg = Debug|Any CPU
		{A42CA534-5EFA-4951-B336-8B2B094CC93C}.Debug|Any CPU.Build.0 = Debug|Any CPU
		{A42CA534-5EFA-4951-B336-8B2B094CC93C}.Release|Any CPU.ActiveCfg = Release|Any CPU
		{A42CA534-5EFA-4951-B336-8B2B094CC93C}.Release|Any CPU.Build.0 = Release|Any CPU
		{06A7535A-5483-4536-B9D9-AA204098EDBF}.Debug|Any CPU.ActiveCfg = Debug|Any CPU
		{06A7535A-5483-4536-B9D9-AA204098EDBF}.Debug|Any CPU.Build.0 = Debug|Any CPU
		{06A7535A-5483-4536-B9D9-AA204098EDBF}.Release|Any CPU.ActiveCfg = Release|Any CPU
		{06A7535A-5483-4536-B9D9-AA204098EDBF}.Release|Any CPU.Build.0 = Release|Any CPU
	EndGlobalSection
	GlobalSection(SolutionProperties) = preSolution
		HideSolutionNode = FALSE
	EndGlobalSection
	GlobalSection(NestedProjects) = preSolution
		{3A43219F-E7CB-47AE-B187-A8CCC79D79DF} = {FBE677CE-7BC4-42F3-9461-FB2D27E5CC57}
		{2A382B0F-48ED-45C2-91DE-0039442F4778} = {FBE677CE-7BC4-42F3-9461-FB2D27E5CC57}
		{03EDF81E-35AD-4E40-89F7-98DFB5355436} = {53D7494C-E5A6-4C5B-B3BD-3F23A7C86CAF}
		{A42CA534-5EFA-4951-B336-8B2B094CC93C} = {4B12CCA2-9350-4394-BDA1-DB140EF36F51}
		{06A7535A-5483-4536-B9D9-AA204098EDBF} = {02EA681E-C7D8-13C7-8484-4AC65E1B71E8}
	EndGlobalSection
	GlobalSection(ExtensibilityGlobals) = postSolution
		SolutionGuid = {7830D384-0E38-45B2-9335-32AF62582991}
	EndGlobalSection
EndGlobal
